
Microsoft Visual Studio Solution File, Format Version 12.00
Project("{2150E333-8FDC-42A3-9474-1A3956D46DE8}") = "src", "src", "{9202890A-6DC8-4DE4-9639-D11BDC630A85}"
EndProject
Project("{FAE04EC0-301F-11D3-BF4B-00C04F79EFBC}") = "WeatherApp.Api", "WeatherApp.Api\WeatherApp.Api.csproj", "{52DFD8B3-2818-4586-8EEB-BFFF93473CF3}"
EndProject
Project("{FAE04EC0-301F-11D3-BF4B-00C04F79EFBC}") = "WeatherApp.Domain", "WeatherApp.Domain\WeatherApp.Domain.csproj", "{D4F273D9-BA56-4895-88D5-FCD61098F75A}"
EndProject
Global
	GlobalSection(SolutionConfigurationPlatforms) = preSolution
		Debug|Any CPU = Debug|Any CPU
		Release|Any CPU = Release|Any CPU
	EndGlobalSection
	GlobalSection(NestedProjects) = preSolution
		{52DFD8B3-2818-4586-8EEB-BFFF93473CF3} = {9202890A-6DC8-4DE4-9639-D11BDC630A85}
		{D4F273D9-BA56-4895-88D5-FCD61098F75A} = {9202890A-6DC8-4DE4-9639-D11BDC630A85}
	EndGlobalSection
	GlobalSection(ProjectConfigurationPlatforms) = postSolution
		{52DFD8B3-2818-4586-8EEB-BFFF93473CF3}.Debug|Any CPU.ActiveCfg = Debug|Any CPU
		{52DFD8B3-2818-4586-8EEB-BFFF93473CF3}.Debug|Any CPU.Build.0 = Debug|Any CPU
		{52DFD8B3-2818-4586-8EEB-BFFF93473CF3}.Release|Any CPU.ActiveCfg = Release|Any CPU
		{52DFD8B3-2818-4586-8EEB-BFFF93473CF3}.Release|Any CPU.Build.0 = Release|Any CPU
		{D4F273D9-BA56-4895-88D5-FCD61098F75A}.Debug|Any CPU.ActiveCfg = Debug|Any CPU
		{D4F273D9-BA56-4895-88D5-FCD61098F75A}.Debug|Any CPU.Build.0 = Debug|Any CPU
		{D4F273D9-BA56-4895-88D5-FCD61098F75A}.Release|Any CPU.ActiveCfg = Release|Any CPU
		{D4F273D9-BA56-4895-88D5-FCD61098F75A}.Release|Any CPU.Build.0 = Release|Any CPU
	EndGlobalSection
EndGlobal
